
Microsoft Visual Studio Solution File, Format Version 12.00
# Visual Studio 15
VisualStudioVersion = 15.0.27130.2010
MinimumVisualStudioVersion = 10.0.40219.1
Project("{FAE04EC0-301F-11D3-BF4B-00C04F79EFBC}") = "Ganhua.ProxyPattern.Model", "Ganhua.ProxyPattern.Model\Ganhua.ProxyPattern.Model.csproj", "{1F6CD5F8-FB2F-44B4-837A-2C186993DF7E}"
EndProject
Project("{FAE04EC0-301F-11D3-BF4B-00C04F79EFBC}") = "Ganhua.ProxyPattern.Repository", "Ganhua.ProxyPattern.Repository\Ganhua.ProxyPattern.Repository.csproj", "{C654CE1F-D612-438D-BB49-9676AC4914BF}"
EndProject
Project("{FAE04EC0-301F-11D3-BF4B-00C04F79EFBC}") = "Ganhua.ProxyPattern.Test", "Ganhua.ProxyPattern.Test\Ganhua.ProxyPattern.Test.csproj", "{51508A60-DF36-407F-BCB9-FE60A6984EB4}"
EndProject
Global
	GlobalSection(SolutionConfigurationPlatforms) = preSolution
		Debug|Any CPU = Debug|Any CPU
		Release|Any CPU = Release|Any CPU
	EndGlobalSection
	GlobalSection(ProjectConfigurationPlatforms) = postSolution
		{1F6CD5F8-FB2F-44B4-837A-2C186993DF7E}.Debug|Any CPU.ActiveCfg = Debug|Any CPU
		{1F6CD5F8-FB2F-44B4-837A-2C186993DF7E}.Debug|Any CPU.Build.0 = Debug|Any CPU
		{1F6CD5F8-FB2F-44B4-837A-2C186993DF7E}.Release|Any CPU.ActiveCfg = Release|Any CPU
		{1F6CD5F8-FB2F-44B4-837A-2C186993DF7E}.Release|Any CPU.Build.0 = Release|Any CPU
		{C654CE1F-D612-438D-BB49-9676AC4914BF}.Debug|Any CPU.ActiveCfg = Debug|Any CPU
		{C654CE1F-D612-438D-BB49-9676AC4914BF}.Debug|Any CPU.Build.0 = Debug|Any CPU
		{C654CE1F-D612-438D-BB49-9676AC4914BF}.Release|Any CPU.ActiveCfg = Release|Any CPU
		{C654CE1F-D612-438D-BB49-9676AC4914BF}.Release|Any CPU.Build.0 = Release|Any CPU
		{51508A60-DF36-407F-BCB9-FE60A6984EB4}.Debug|Any CPU.ActiveCfg = Debug|Any CPU
		{51508A60-DF36-407F-BCB9-FE60A6984EB4}.Debug|Any CPU.Build.0 = Debug|Any CPU
		{51508A60-DF36-407F-BCB9-FE60A6984EB4}.Release|Any CPU.ActiveCfg = Release|Any CPU
		{51508A60-DF36-407F-BCB9-FE60A6984EB4}.Release|Any CPU.Build.0 = Release|Any CPU
	EndGlobalSection
	GlobalSection(SolutionProperties) = preSolution
		HideSolutionNode = FALSE
	EndGlobalSection
	GlobalSection(ExtensibilityGlobals) = postSolution
		SolutionGuid = {5CF16802-1B12-411C-A14C-05486673C14C}
	EndGlobalSection
EndGlobal
