
Microsoft Visual Studio Solution File, Format Version 12.00
# Visual Studio 15
VisualStudioVersion = 15.0.27130.2010
MinimumVisualStudioVersion = 10.0.40219.1
Project("{FAE04EC0-301F-11D3-BF4B-00C04F79EFBC}") = "Ganhua.Concurrency.Model", "Ganhua.Concurrency.Model\Ganhua.Concurrency.Model.csproj", "{B467002C-14B8-42B2-A933-F14C8BA39C37}"
EndProject
Project("{FAE04EC0-301F-11D3-BF4B-00C04F79EFBC}") = "Ganhua.Concurrency.Repository", "Ganhua.Concurrency.Repository\Ganhua.Concurrency.Repository.csproj", "{D2285F3B-7B0F-4FEE-BBD9-186203848DE0}"
EndProject
Project("{FAE04EC0-301F-11D3-BF4B-00C04F79EFBC}") = "Ganhua.Concurrency.Test", "Ganhua.Concurrency.Test\Ganhua.Concurrency.Test.csproj", "{CBAF0FAB-26BA-4825-B306-0868B3427974}"
EndProject
Global
	GlobalSection(SolutionConfigurationPlatforms) = preSolution
		Debug|Any CPU = Debug|Any CPU
		Release|Any CPU = Release|Any CPU
	EndGlobalSection
	GlobalSection(ProjectConfigurationPlatforms) = postSolution
		{B467002C-14B8-42B2-A933-F14C8BA39C37}.Debug|Any CPU.ActiveCfg = Debug|Any CPU
		{B467002C-14B8-42B2-A933-F14C8BA39C37}.Debug|Any CPU.Build.0 = Debug|Any CPU
		{B467002C-14B8-42B2-A933-F14C8BA39C37}.Release|Any CPU.ActiveCfg = Release|Any CPU
		{B467002C-14B8-42B2-A933-F14C8BA39C37}.Release|Any CPU.Build.0 = Release|Any CPU
		{D2285F3B-7B0F-4FEE-BBD9-186203848DE0}.Debug|Any CPU.ActiveCfg = Debug|Any CPU
		{D2285F3B-7B0F-4FEE-BBD9-186203848DE0}.Debug|Any CPU.Build.0 = Debug|Any CPU
		{D2285F3B-7B0F-4FEE-BBD9-186203848DE0}.Release|Any CPU.ActiveCfg = Release|Any CPU
		{D2285F3B-7B0F-4FEE-BBD9-186203848DE0}.Release|Any CPU.Build.0 = Release|Any CPU
		{CBAF0FAB-26BA-4825-B306-0868B3427974}.Debug|Any CPU.ActiveCfg = Debug|Any CPU
		{CBAF0FAB-26BA-4825-B306-0868B3427974}.Debug|Any CPU.Build.0 = Debug|Any CPU
		{CBAF0FAB-26BA-4825-B306-0868B3427974}.Release|Any CPU.ActiveCfg = Release|Any CPU
		{CBAF0FAB-26BA-4825-B306-0868B3427974}.Release|Any CPU.Build.0 = Release|Any CPU
	EndGlobalSection
	GlobalSection(SolutionProperties) = preSolution
		HideSolutionNode = FALSE
	EndGlobalSection
	GlobalSection(ExtensibilityGlobals) = postSolution
		SolutionGuid = {C317026E-ABF7-4CFF-BF7E-8B76C114E542}
	EndGlobalSection
EndGlobal
