
Microsoft Visual Studio Solution File, Format Version 12.00
# Visual Studio 15
VisualStudioVersion = 15.0.26730.8
MinimumVisualStudioVersion = 10.0.40219.1
Project("{FAE04EC0-301F-11D3-BF4B-00C04F79EFBC}") = "Ganhua.DesignPattern.WebUI", "Ganhua.DesignPattern.WebUI\Ganhua.DesignPattern.WebUI.csproj", "{F6CB7B63-167C-4612-B0C5-ACF55C8ACFB4}"
EndProject
Project("{FAE04EC0-301F-11D3-BF4B-00C04F79EFBC}") = "Ganhua.DesignPattern.BLL", "Ganhua.DesignPattern.BLL\Ganhua.DesignPattern.BLL.csproj", "{CA37BA59-19A5-4F90-9F03-7019504FCC84}"
EndProject
Project("{FAE04EC0-301F-11D3-BF4B-00C04F79EFBC}") = "Ganhua.DesignPattern.DTO", "Ganhua.DesignPattern.DTO\Ganhua.DesignPattern.DTO.csproj", "{BEBF50D6-EC34-4CF5-BFBA-FF8754481ED6}"
EndProject
Global
	GlobalSection(SolutionConfigurationPlatforms) = preSolution
		Debug|Any CPU = Debug|Any CPU
		Release|Any CPU = Release|Any CPU
	EndGlobalSection
	GlobalSection(ProjectConfigurationPlatforms) = postSolution
		{F6CB7B63-167C-4612-B0C5-ACF55C8ACFB4}.Debug|Any CPU.ActiveCfg = Debug|Any CPU
		{F6CB7B63-167C-4612-B0C5-ACF55C8ACFB4}.Debug|Any CPU.Build.0 = Debug|Any CPU
		{F6CB7B63-167C-4612-B0C5-ACF55C8ACFB4}.Release|Any CPU.ActiveCfg = Release|Any CPU
		{F6CB7B63-167C-4612-B0C5-ACF55C8ACFB4}.Release|Any CPU.Build.0 = Release|Any CPU
		{CA37BA59-19A5-4F90-9F03-7019504FCC84}.Debug|Any CPU.ActiveCfg = Debug|Any CPU
		{CA37BA59-19A5-4F90-9F03-7019504FCC84}.Debug|Any CPU.Build.0 = Debug|Any CPU
		{CA37BA59-19A5-4F90-9F03-7019504FCC84}.Release|Any CPU.ActiveCfg = Release|Any CPU
		{CA37BA59-19A5-4F90-9F03-7019504FCC84}.Release|Any CPU.Build.0 = Release|Any CPU
		{BEBF50D6-EC34-4CF5-BFBA-FF8754481ED6}.Debug|Any CPU.ActiveCfg = Debug|Any CPU
		{BEBF50D6-EC34-4CF5-BFBA-FF8754481ED6}.Debug|Any CPU.Build.0 = Debug|Any CPU
		{BEBF50D6-EC34-4CF5-BFBA-FF8754481ED6}.Release|Any CPU.ActiveCfg = Release|Any CPU
		{BEBF50D6-EC34-4CF5-BFBA-FF8754481ED6}.Release|Any CPU.Build.0 = Release|Any CPU
	EndGlobalSection
	GlobalSection(SolutionProperties) = preSolution
		HideSolutionNode = FALSE
	EndGlobalSection
	GlobalSection(ExtensibilityGlobals) = postSolution
		SolutionGuid = {007603D1-AABF-4C06-91B5-5749C7C8DCDE}
	EndGlobalSection
EndGlobal
